
Microsoft Visual Studio Solution File, Format Version 12.00
# Visual Studio Version 17
VisualStudioVersion = 17.5.002.0
MinimumVisualStudioVersion = 10.0.40219.1
Project("{9A19103F-16F7-4668-BE54-9A1E7A4F7556}") = "dotnet-Training", "dotnet-Training.csproj", "{0E95E420-7E79-453E-961B-D81302776A41}"
EndProject
Global
	GlobalSection(SolutionConfigurationPlatforms) = preSolution
		Debug|Any CPU = Debug|Any CPU
		Release|Any CPU = Release|Any CPU
	EndGlobalSection
	GlobalSection(ProjectConfigurationPlatforms) = postSolution
		{0E95E420-7E79-453E-961B-D81302776A41}.Debug|Any CPU.ActiveCfg = Debug|Any CPU
		{0E95E420-7E79-453E-961B-D81302776A41}.Debug|Any CPU.Build.0 = Debug|Any CPU
		{0E95E420-7E79-453E-961B-D81302776A41}.Release|Any CPU.ActiveCfg = Release|Any CPU
		{0E95E420-7E79-453E-961B-D81302776A41}.Release|Any CPU.Build.0 = Release|Any CPU
	EndGlobalSection
	GlobalSection(SolutionProperties) = preSolution
		HideSolutionNode = FALSE
	EndGlobalSection
	GlobalSection(ExtensibilityGlobals) = postSolution
		SolutionGuid = {627BC05F-82A0-43A7-9C97-271C9C75BF06}
	EndGlobalSection
EndGlobal
